
Microsoft Visual Studio Solution File, Format Version 12.00
# Visual Studio Version 17
VisualStudioVersion = 17.13.35919.96 d17.13
MinimumVisualStudioVersion = 10.0.40219.1
Project("{FAE04EC0-301F-11D3-BF4B-00C04F79EFBC}") = "KB16285_WinFormsApp1", "KB16285_WinFormsApp1\KB16285_WinFormsApp1.csproj", "{03C9CD2D-F9E3-4BF4-A464-710DB097D7A4}"
EndProject
Global
	GlobalSection(SolutionConfigurationPlatforms) = preSolution
		Debug|Any CPU = Debug|Any CPU
		Release|Any CPU = Release|Any CPU
	EndGlobalSection
	GlobalSection(ProjectConfigurationPlatforms) = postSolution
		{03C9CD2D-F9E3-4BF4-A464-710DB097D7A4}.Debug|Any CPU.ActiveCfg = Debug|Any CPU
		{03C9CD2D-F9E3-4BF4-A464-710DB097D7A4}.Debug|Any CPU.Build.0 = Debug|Any CPU
		{03C9CD2D-F9E3-4BF4-A464-710DB097D7A4}.Release|Any CPU.ActiveCfg = Release|Any CPU
		{03C9CD2D-F9E3-4BF4-A464-710DB097D7A4}.Release|Any CPU.Build.0 = Release|Any CPU
	EndGlobalSection
	GlobalSection(SolutionProperties) = preSolution
		HideSolutionNode = FALSE
	EndGlobalSection
	GlobalSection(ExtensibilityGlobals) = postSolution
		SolutionGuid = {B982A663-730C-402D-A070-0B987ED49528}
	EndGlobalSection
EndGlobal
